
Microsoft Visual Studio Solution File, Format Version 12.00
# Visual Studio Version 16
VisualStudioVersion = 16.0.30611.23
MinimumVisualStudioVersion = 10.0.40219.1
Project("{FAE04EC0-301F-11D3-BF4B-00C04F79EFBC}") = "Otopark", "Otopark\Otopark.csproj", "{C1F9EA3B-A0E1-46E9-94DA-95815D0BE98F}"
EndProject
Global
	GlobalSection(SolutionConfigurationPlatforms) = preSolution
		Debug|Any CPU = Debug|Any CPU
		Release|Any CPU = Release|Any CPU
	EndGlobalSection
	GlobalSection(ProjectConfigurationPlatforms) = postSolution
		{C1F9EA3B-A0E1-46E9-94DA-95815D0BE98F}.Debug|Any CPU.ActiveCfg = Debug|Any CPU
		{C1F9EA3B-A0E1-46E9-94DA-95815D0BE98F}.Debug|Any CPU.Build.0 = Debug|Any CPU
		{C1F9EA3B-A0E1-46E9-94DA-95815D0BE98F}.Release|Any CPU.ActiveCfg = Release|Any CPU
		{C1F9EA3B-A0E1-46E9-94DA-95815D0BE98F}.Release|Any CPU.Build.0 = Release|Any CPU
	EndGlobalSection
	GlobalSection(SolutionProperties) = preSolution
		HideSolutionNode = FALSE
	EndGlobalSection
	GlobalSection(ExtensibilityGlobals) = postSolution
		SolutionGuid = {37071991-F0C5-4FE4-9532-9279A4D1A516}
	EndGlobalSection
EndGlobal
